
Microsoft Visual Studio Solution File, Format Version 12.00
# Visual Studio Version 17
VisualStudioVersion = 17.8.34408.163
MinimumVisualStudioVersion = 10.0.40219.1
Project("{FAE04EC0-301F-11D3-BF4B-00C04F79EFBC}") = "Weather", "Weather\Weather.csproj", "{00B40F47-1AD1-40A5-B5F1-F1551EC820BC}"
EndProject
Global
	GlobalSection(SolutionConfigurationPlatforms) = preSolution
		Debug|Any CPU = Debug|Any CPU
		Release|Any CPU = Release|Any CPU
	EndGlobalSection
	GlobalSection(ProjectConfigurationPlatforms) = postSolution
		{00B40F47-1AD1-40A5-B5F1-F1551EC820BC}.Debug|Any CPU.ActiveCfg = Debug|Any CPU
		{00B40F47-1AD1-40A5-B5F1-F1551EC820BC}.Debug|Any CPU.Build.0 = Debug|Any CPU
		{00B40F47-1AD1-40A5-B5F1-F1551EC820BC}.Release|Any CPU.ActiveCfg = Release|Any CPU
		{00B40F47-1AD1-40A5-B5F1-F1551EC820BC}.Release|Any CPU.Build.0 = Release|Any CPU
	EndGlobalSection
	GlobalSection(SolutionProperties) = preSolution
		HideSolutionNode = FALSE
	EndGlobalSection
	GlobalSection(ExtensibilityGlobals) = postSolution
		SolutionGuid = {B64C1C43-C3A2-4D20-BC0E-B3D149AF952D}
	EndGlobalSection
EndGlobal
